
Microsoft Visual Studio Solution File, Format Version 12.00
# Visual Studio Version 17
VisualStudioVersion = 17.6.33815.320
MinimumVisualStudioVersion = 10.0.40219.1
Project("{FAE04EC0-301F-11D3-BF4B-00C04F79EFBC}") = "project-1", "project-1.csproj", "{4C3E13D7-1C0B-4CDB-B4B9-0736E2CF21BE}"
EndProject
Global
	GlobalSection(SolutionConfigurationPlatforms) = preSolution
		Debug|Any CPU = Debug|Any CPU
		Release|Any CPU = Release|Any CPU
	EndGlobalSection
	GlobalSection(ProjectConfigurationPlatforms) = postSolution
		{4C3E13D7-1C0B-4CDB-B4B9-0736E2CF21BE}.Debug|Any CPU.ActiveCfg = Debug|Any CPU
		{4C3E13D7-1C0B-4CDB-B4B9-0736E2CF21BE}.Debug|Any CPU.Build.0 = Debug|Any CPU
		{4C3E13D7-1C0B-4CDB-B4B9-0736E2CF21BE}.Release|Any CPU.ActiveCfg = Release|Any CPU
		{4C3E13D7-1C0B-4CDB-B4B9-0736E2CF21BE}.Release|Any CPU.Build.0 = Release|Any CPU
	EndGlobalSection
	GlobalSection(SolutionProperties) = preSolution
		HideSolutionNode = FALSE
	EndGlobalSection
	GlobalSection(ExtensibilityGlobals) = postSolution
		SolutionGuid = {ABE02AFB-AF41-458D-860F-E75D5D2F6E1D}
	EndGlobalSection
EndGlobal
